<?xml version="1.0" encoding="utf-8"?>
<Project ToolsVersion="17.0" xmlns="http://schemas.microsoft.com/developer/msbuild/2003">
  <ItemGroup>
    <ClCompile Include="C:\Users\ksyar\Desktop\cen429-2025-2026-53-binnur-altinisik-cpp\src\tests\googletest\googletest\src\gtest_main.cc">
      <Filter>Source Files</Filter>
    </ClCompile>
  </ItemGroup>
  <ItemGroup>
    <CustomBuild Include="C:\Users\ksyar\Desktop\cen429-2025-2026-53-binnur-altinisik-cpp\src\tests\googletest\googletest\CMakeLists.txt" />
  </ItemGroup>
  <ItemGroup>
    <Filter Include="Source Files">
      <UniqueIdentifier>{C4ABCF28-0355-3E33-919B-3EB0E169728E}</UniqueIdentifier>
    </Filter>
  </ItemGroup>
</Project>
