<?xml version="1.0" encoding="utf-8"?>
<Project ToolsVersion="17.0" xmlns="http://schemas.microsoft.com/developer/msbuild/2003">
  <ItemGroup>
    <CustomBuild Include="C:\Users\x_user\Desktop\cen429-2025-2026-53-binnur-altinisik-cpp\build_win\CMakeFiles\b8aea5800d9f661dceb1eb1bca2cff15\RUN_TESTS_force.rule">
      <Filter>CMake Rules</Filter>
    </CustomBuild>
  </ItemGroup>
  <ItemGroup>
    <Filter Include="CMake Rules">
      <UniqueIdentifier>{ADFF4D59-49C3-39D7-8520-960AAF680F1A}</UniqueIdentifier>
    </Filter>
  </ItemGroup>
</Project>
